
Microsoft Visual Studio Solution File, Format Version 12.00
# Visual Studio Version 17
VisualStudioVersion = 17.9.34622.214
MinimumVisualStudioVersion = 10.0.40219.1
Project("{9A19103F-16F7-4668-BE54-9A1E7A4F7556}") = "HNTAS.Web.UI", "HNTAS.Web.UI\HNTAS.Web.UI.csproj", "{4BCDC908-D780-42C7-9A0A-659B2BAD3020}"
EndProject
Project("{9A19103F-16F7-4668-BE54-9A1E7A4F7556}") = "HNTAS.Core", "HNTAS.Core\HNTAS.Core.csproj", "{8B29E390-CAB1-4F21-ADBE-6B66805C4CF6}"
EndProject
Project("{9A19103F-16F7-4668-BE54-9A1E7A4F7556}") = "HNTAS.Infrastructure", "HNTAS.Infrastructure\HNTAS.Infrastructure.csproj", "{1D78531E-2377-4711-AA19-CE2F18AE91FA}"
EndProject
Project("{9A19103F-16F7-4668-BE54-9A1E7A4F7556}") = "HNTAS.Common", "HNTAS.Common\HNTAS.Common.csproj", "{F5DF5EA0-A4A9-450B-AD28-662951501EE4}"
EndProject
Project("{9A19103F-16F7-4668-BE54-9A1E7A4F7556}") = "HNTAS.Repositories", "HNTAS.Repositories\HNTAS.Repositories.csproj", "{0E480F81-AD97-40FB-80AA-1CD880C08376}"
EndProject
Project("{9A19103F-16F7-4668-BE54-9A1E7A4F7556}") = "HNTAS.Web", "HNTAS.Web\HNTAS.Web.csproj", "{FE798B93-59E8-4A75-A289-D78BD1C0CBB7}"
EndProject
Project("{9A19103F-16F7-4668-BE54-9A1E7A4F7556}") = "HNTAS.UnitTests", "HNTAS.UnitTests\HNTAS.UnitTests.csproj", "{D4E12817-3041-43B0-8504-5F60540DAABF}"
EndProject
Project("{2150E333-8FDC-42A3-9474-1A3956D46DE8}") = "Docker", "Docker", "{84A0B6DE-5129-47C5-8430-3D14A8C704D3}"
EndProject
Global
	GlobalSection(SolutionConfigurationPlatforms) = preSolution
		Debug|Any CPU = Debug|Any CPU
		Release|Any CPU = Release|Any CPU
	EndGlobalSection
	GlobalSection(ProjectConfigurationPlatforms) = postSolution
		{4BCDC908-D780-42C7-9A0A-659B2BAD3020}.Debug|Any CPU.ActiveCfg = Debug|Any CPU
		{4BCDC908-D780-42C7-9A0A-659B2BAD3020}.Debug|Any CPU.Build.0 = Debug|Any CPU
		{4BCDC908-D780-42C7-9A0A-659B2BAD3020}.Release|Any CPU.ActiveCfg = Release|Any CPU
		{4BCDC908-D780-42C7-9A0A-659B2BAD3020}.Release|Any CPU.Build.0 = Release|Any CPU
		{8B29E390-CAB1-4F21-ADBE-6B66805C4CF6}.Debug|Any CPU.ActiveCfg = Debug|Any CPU
		{8B29E390-CAB1-4F21-ADBE-6B66805C4CF6}.Debug|Any CPU.Build.0 = Debug|Any CPU
		{8B29E390-CAB1-4F21-ADBE-6B66805C4CF6}.Release|Any CPU.ActiveCfg = Release|Any CPU
		{8B29E390-CAB1-4F21-ADBE-6B66805C4CF6}.Release|Any CPU.Build.0 = Release|Any CPU
		{1D78531E-2377-4711-AA19-CE2F18AE91FA}.Debug|Any CPU.ActiveCfg = Debug|Any CPU
		{1D78531E-2377-4711-AA19-CE2F18AE91FA}.Debug|Any CPU.Build.0 = Debug|Any CPU
		{1D78531E-2377-4711-AA19-CE2F18AE91FA}.Release|Any CPU.ActiveCfg = Release|Any CPU
		{1D78531E-2377-4711-AA19-CE2F18AE91FA}.Release|Any CPU.Build.0 = Release|Any CPU
		{F5DF5EA0-A4A9-450B-AD28-662951501EE4}.Debug|Any CPU.ActiveCfg = Debug|Any CPU
		{F5DF5EA0-A4A9-450B-AD28-662951501EE4}.Debug|Any CPU.Build.0 = Debug|Any CPU
		{F5DF5EA0-A4A9-450B-AD28-662951501EE4}.Release|Any CPU.ActiveCfg = Release|Any CPU
		{F5DF5EA0-A4A9-450B-AD28-662951501EE4}.Release|Any CPU.Build.0 = Release|Any CPU
		{0E480F81-AD97-40FB-80AA-1CD880C08376}.Debug|Any CPU.ActiveCfg = Debug|Any CPU
		{0E480F81-AD97-40FB-80AA-1CD880C08376}.Debug|Any CPU.Build.0 = Debug|Any CPU
		{0E480F81-AD97-40FB-80AA-1CD880C08376}.Release|Any CPU.ActiveCfg = Release|Any CPU
		{0E480F81-AD97-40FB-80AA-1CD880C08376}.Release|Any CPU.Build.0 = Release|Any CPU
		{FE798B93-59E8-4A75-A289-D78BD1C0CBB7}.Debug|Any CPU.ActiveCfg = Debug|Any CPU
		{FE798B93-59E8-4A75-A289-D78BD1C0CBB7}.Debug|Any CPU.Build.0 = Debug|Any CPU
		{FE798B93-59E8-4A75-A289-D78BD1C0CBB7}.Release|Any CPU.ActiveCfg = Release|Any CPU
		{FE798B93-59E8-4A75-A289-D78BD1C0CBB7}.Release|Any CPU.Build.0 = Release|Any CPU
		{D4E12817-3041-43B0-8504-5F60540DAABF}.Debug|Any CPU.ActiveCfg = Debug|Any CPU
		{D4E12817-3041-43B0-8504-5F60540DAABF}.Debug|Any CPU.Build.0 = Debug|Any CPU
		{D4E12817-3041-43B0-8504-5F60540DAABF}.Release|Any CPU.ActiveCfg = Release|Any CPU
		{D4E12817-3041-43B0-8504-5F60540DAABF}.Release|Any CPU.Build.0 = Release|Any CPU
	EndGlobalSection
	GlobalSection(SolutionProperties) = preSolution
		HideSolutionNode = FALSE
	EndGlobalSection
	GlobalSection(ExtensibilityGlobals) = postSolution
		SolutionGuid = {BC92BE29-7622-46B0-9398-E2D66EF3DD55}
	EndGlobalSection
EndGlobal
